{
    "_readme": [
        "This file locks the dependencies of your project to a known state",
        "Read more about it at https://getcomposer.org/doc/01-basic-usage.md#composer-lock-the-lock-file",
        "This file is @generated automatically"
    ],
    "hash": "3dd81a875255c3230ea5147771db1403",
    "content-hash": "fc46b0a236b1160c53c6d7b07f8027b4",
    "packages": [
        {
            "name": "danielstjules/pho",
            "version": "dev-master",
            "source": {
                "type": "git",
                "url": "https://github.com/danielstjules/pho.git",
                "reference": "c9a74fefb26b933cb4bcf3055c9f44d32e05781c"
            },
            "dist": {
                "type": "zip",
                "url": "https://api.github.com/repos/danielstjules/pho/zipball/c9a74fefb26b933cb4bcf3055c9f44d32e05781c",
                "reference": "c9a74fefb26b933cb4bcf3055c9f44d32e05781c",
                "shasum": ""
            },
            "require": {
                "php": ">=5.4.0"
            },
            "bin": [
                "bin/pho"
            ],
            "type": "library",
            "autoload": {
                "psr-4": {
                    "pho\\": "src/"
                }
            },
            "notification-url": "https://packagist.org/downloads/",
            "license": [
                "MIT"
            ],
            "authors": [
                {
                    "name": "Daniel St. Jules",
                    "email": "danielst.jules@gmail.com",
                    "homepage": "http://www.danielstjules.com"
                }
            ],
            "description": "A BDD testing framework",
            "homepage": "https://github.com/danielstjules/pho",
            "keywords": [
                "BDD",
                "behavior driven development",
                "framework",
                "pho",
                "test",
                "unit"
            ],
            "time": "2016-03-24 18:24:58"
        }
    ],
    "packages-dev": [],
    "aliases": [],
    "minimum-stability": "dev",
    "stability-flags": {
        "danielstjules/pho": 20
    },
    "prefer-stable": false,
    "prefer-lowest": false,
    "platform": [],
    "platform-dev": []
}
